// !$*UTF8*$!
{
	archiveVersion = 1;
	classes = {
	};
	objectVersion = 46;
	objects = {

/* Begin PBXBuildFile section */
		998F03F21ADAF008000A6681 /* JobDetailViewController.swift in Sources */ = {isa = PBXBuildFile; fileRef = 998F03F11ADAF008000A6681 /* JobDetailViewController.swift */; };
		BD7E98B91ADA3B4900D89A88 /* Record.swift in Sources */ = {isa = PBXBuildFile; fileRef = BD7E98B81ADA3B4900D89A88 /* Record.swift */; };
		BDF3953C1ACDFE6A00835593 /* AppDelegate.swift in Sources */ = {isa = PBXBuildFile; fileRef = BDF3953B1ACDFE6A00835593 /* AppDelegate.swift */; };
		BDF3953E1ACDFE6A00835593 /* FirstViewController.swift in Sources */ = {isa = PBXBuildFile; fileRef = BDF3953D1ACDFE6A00835593 /* FirstViewController.swift */; };
		BDF395401ACDFE6A00835593 /* SecondViewController.swift in Sources */ = {isa = PBXBuildFile; fileRef = BDF3953F1ACDFE6A00835593 /* SecondViewController.swift */; };
		BDF395431ACDFE6A00835593 /* Main.storyboard in Resources */ = {isa = PBXBuildFile; fileRef = BDF395411ACDFE6A00835593 /* Main.storyboard */; };
		BDF395451ACDFE6A00835593 /* Images.xcassets in Resources */ = {isa = PBXBuildFile; fileRef = BDF395441ACDFE6A00835593 /* Images.xcassets */; };
		BDF395481ACDFE6A00835593 /* LaunchScreen.xib in Resources */ = {isa = PBXBuildFile; fileRef = BDF395461ACDFE6A00835593 /* LaunchScreen.xib */; };
		BDF395541ACDFE6A00835593 /* MobuteTests.swift in Sources */ = {isa = PBXBuildFile; fileRef = BDF395531ACDFE6A00835593 /* MobuteTests.swift */; };
/* End PBXBuildFile section */

/* Begin PBXContainerItemProxy section */
		BDF3954E1ACDFE6A00835593 /* PBXContainerItemProxy */ = {
			isa = PBXContainerItemProxy;
			containerPortal = BDF3952E1ACDFE6A00835593 /* Project object */;
			proxyType = 1;
			remoteGlobalIDString = BDF395351ACDFE6A00835593;
			remoteInfo = Mobute;
		};
/* End PBXContainerItemProxy section */

/* Begin PBXFileReference section */
		998F03F11ADAF008000A6681 /* JobDetailViewController.swift */ = {isa = PBXFileReference; fileEncoding = 4; lastKnownFileType = sourcecode.swift; path = JobDetailViewController.swift; sourceTree = "<group>"; };
		BD7E98B81ADA3B4900D89A88 /* Record.swift */ = {isa = PBXFileReference; fileEncoding = 4; lastKnownFileType = sourcecode.swift; path = Record.swift; sourceTree = "<group>"; };
		BDF395361ACDFE6A00835593 /* Mobute.app */ = {isa = PBXFileReference; explicitFileType = wrapper.application; includeInIndex = 0; path = Mobute.app; sourceTree = BUILT_PRODUCTS_DIR; };
		BDF3953A1ACDFE6A00835593 /* Info.plist */ = {isa = PBXFileReference; lastKnownFileType = text.plist.xml; path = Info.plist; sourceTree = "<group>"; };
		BDF3953B1ACDFE6A00835593 /* AppDelegate.swift */ = {isa = PBXFileReference; lastKnownFileType = sourcecode.swift; path = AppDelegate.swift; sourceTree = "<group>"; };
		BDF3953D1ACDFE6A00835593 /* FirstViewController.swift */ = {isa = PBXFileReference; lastKnownFileType = sourcecode.swift; path = FirstViewController.swift; sourceTree = "<group>"; };
		BDF3953F1ACDFE6A00835593 /* SecondViewController.swift */ = {isa = PBXFileReference; lastKnownFileType = sourcecode.swift; path = SecondViewController.swift; sourceTree = "<group>"; };
		BDF395421ACDFE6A00835593 /* Base */ = {isa = PBXFileReference; lastKnownFileType = file.storyboard; name = Base; path = Base.lproj/Main.storyboard; sourceTree = "<group>"; };
		BDF395441ACDFE6A00835593 /* Images.xcassets */ = {isa = PBXFileReference; lastKnownFileType = folder.assetcatalog; path = Images.xcassets; sourceTree = "<group>"; };
		BDF395471ACDFE6A00835593 /* Base */ = {isa = PBXFileReference; lastKnownFileType = file.xib; name = Base; path = Base.lproj/LaunchScreen.xib; sourceTree = "<group>"; };
		BDF3954D1ACDFE6A00835593 /* MobuteTests.xctest */ = {isa = PBXFileReference; explicitFileType = wrapper.cfbundle; includeInIndex = 0; path = MobuteTests.xctest; sourceTree = BUILT_PRODUCTS_DIR; };
		BDF395521ACDFE6A00835593 /* Info.plist */ = {isa = PBXFileReference; lastKnownFileType = text.plist.xml; path = Info.plist; sourceTree = "<group>"; };
		BDF395531ACDFE6A00835593 /* MobuteTests.swift */ = {isa = PBXFileReference; lastKnownFileType = sourcecode.swift; path = MobuteTests.swift; sourceTree = "<group>"; };
/* End PBXFileReference section */

/* Begin PBXFrameworksBuildPhase section */
		BDF395331ACDFE6A00835593 /* Frameworks */ = {
			isa = PBXFrameworksBuildPhase;
			buildActionMask = 2147483647;
			files = (
			);
			runOnlyForDeploymentPostprocessing = 0;
		};
		BDF3954A1ACDFE6A00835593 /* Frameworks */ = {
			isa = PBXFrameworksBuildPhase;
			buildActionMask = 2147483647;
			files = (
			);
			runOnlyForDeploymentPostprocessing = 0;
		};
/* End PBXFrameworksBuildPhase section */

/* Begin PBXGroup section */
		BDF3952D1ACDFE6A00835593 = {
			isa = PBXGroup;
			children = (
				BDF395381ACDFE6A00835593 /* Mobute */,
				BDF395501ACDFE6A00835593 /* MobuteTests */,
				BDF395371ACDFE6A00835593 /* Products */,
			);
			sourceTree = "<group>";
		};
		BDF395371ACDFE6A00835593 /* Products */ = {
			isa = PBXGroup;
			children = (
				BDF395361ACDFE6A00835593 /* Mobute.app */,
				BDF3954D1ACDFE6A00835593 /* MobuteTests.xctest */,
			);
			name = Products;
			sourceTree = "<group>";
		};
		BDF395381ACDFE6A00835593 /* Mobute */ = {
			isa = PBXGroup;
			children = (
				BDF3953B1ACDFE6A00835593 /* AppDelegate.swift */,
				BDF3953D1ACDFE6A00835593 /* FirstViewController.swift */,
				BDF3953F1ACDFE6A00835593 /* SecondViewController.swift */,
				BDF395411ACDFE6A00835593 /* Main.storyboard */,
				998F03F11ADAF008000A6681 /* JobDetailViewController.swift */,
				BDF395441ACDFE6A00835593 /* Images.xcassets */,
				BDF395461ACDFE6A00835593 /* LaunchScreen.xib */,
				BDF395391ACDFE6A00835593 /* Supporting Files */,
				BD7E98B81ADA3B4900D89A88 /* Record.swift */,
			);
			path = Mobute;
			sourceTree = "<group>";
		};
		BDF395391ACDFE6A00835593 /* Supporting Files */ = {
			isa = PBXGroup;
			children = (
				BDF3953A1ACDFE6A00835593 /* Info.plist */,
			);
			name = "Supporting Files";
			sourceTree = "<group>";
		};
		BDF395501ACDFE6A00835593 /* MobuteTests */ = {
			isa = PBXGroup;
			children = (
				BDF395531ACDFE6A00835593 /* MobuteTests.swift */,
				BDF395511ACDFE6A00835593 /* Supporting Files */,
			);
			path = MobuteTests;
			sourceTree = "<group>";
		};
		BDF395511ACDFE6A00835593 /* Supporting Files */ = {
			isa = PBXGroup;
			children = (
				BDF395521ACDFE6A00835593 /* Info.plist */,
			);
			name = "Supporting Files";
			sourceTree = "<group>";
		};
/* End PBXGroup section */

/* Begin PBXNativeTarget section */
		BDF395351ACDFE6A00835593 /* Mobute */ = {
			isa = PBXNativeTarget;
			buildConfigurationList = BDF395571ACDFE6A00835593 /* Build configuration list for PBXNativeTarget "Mobute" */;
			buildPhases = (
				BDF395321ACDFE6A00835593 /* Sources */,
				BDF395331ACDFE6A00835593 /* Frameworks */,
				BDF395341ACDFE6A00835593 /* Resources */,
			);
			buildRules = (
			);
			dependencies = (
			);
			name = Mobute;
			productName = Mobute;
			productReference = BDF395361ACDFE6A00835593 /* Mobute.app */;
			productType = "com.apple.product-type.application";
		};
		BDF3954C1ACDFE6A00835593 /* MobuteTests */ = {
			isa = PBXNativeTarget;
			buildConfigurationList = BDF3955A1ACDFE6A00835593 /* Build configuration list for PBXNativeTarget "MobuteTests" */;
			buildPhases = (
				BDF395491ACDFE6A00835593 /* Sources */,
				BDF3954A1ACDFE6A00835593 /* Frameworks */,
				BDF3954B1ACDFE6A00835593 /* Resources */,
			);
			buildRules = (
			);
			dependencies = (
				BDF3954F1ACDFE6A00835593 /* PBXTargetDependency */,
			);
			name = MobuteTests;
			productName = MobuteTests;
			productReference = BDF3954D1ACDFE6A00835593 /* MobuteTests.xctest */;
			productType = "com.apple.product-type.bundle.unit-test";
		};
/* End PBXNativeTarget section */

/* Begin PBXProject section */
		BDF3952E1ACDFE6A00835593 /* Project object */ = {
			isa = PBXProject;
			attributes = {
				LastUpgradeCheck = 0620;
				ORGANIZATIONNAME = "Neil MacKenzie";
				TargetAttributes = {
					BDF395351ACDFE6A00835593 = {
						CreatedOnToolsVersion = 6.2;
					};
					BDF3954C1ACDFE6A00835593 = {
						CreatedOnToolsVersion = 6.2;
						TestTargetID = BDF395351ACDFE6A00835593;
					};
				};
			};
			buildConfigurationList = BDF395311ACDFE6A00835593 /* Build configuration list for PBXProject "Mobute" */;
			compatibilityVersion = "Xcode 3.2";
			developmentRegion = English;
			hasScannedForEncodings = 0;
			knownRegions = (
				en,
				Base,
			);
			mainGroup = BDF3952D1ACDFE6A00835593;
			productRefGroup = BDF395371ACDFE6A00835593 /* Products */;
			projectDirPath = "";
			projectRoot = "";
			targets = (
				BDF395351ACDFE6A00835593 /* Mobute */,
				BDF3954C1ACDFE6A00835593 /* MobuteTests */,
			);
		};
/* End PBXProject section */

/* Begin PBXResourcesBuildPhase section */
		BDF395341ACDFE6A00835593 /* Resources */ = {
			isa = PBXResourcesBuildPhase;
			buildActionMask = 2147483647;
			files = (
				BDF395431ACDFE6A00835593 /* Main.storyboard in Resources */,
				BDF395481ACDFE6A00835593 /* LaunchScreen.xib in Resources */,
				BDF395451ACDFE6A00835593 /* Images.xcassets in Resources */,
			);
			runOnlyForDeploymentPostprocessing = 0;
		};
		BDF3954B1ACDFE6A00835593 /* Resources */ = {
			isa = PBXResourcesBuildPhase;
			buildActionMask = 2147483647;
			files = (
			);
			runOnlyForDeploymentPostprocessing = 0;
		};
/* End PBXResourcesBuildPhase section */

/* Begin PBXSourcesBuildPhase section */
		BDF395321ACDFE6A00835593 /* Sources */ = {
			isa = PBXSourcesBuildPhase;
			buildActionMask = 2147483647;
			files = (
				BDF395401ACDFE6A00835593 /* SecondViewController.swift in Sources */,
				BDF3953C1ACDFE6A00835593 /* AppDelegate.swift in Sources */,
				998F03F21ADAF008000A6681 /* JobDetailViewController.swift in Sources */,
				BD7E98B91ADA3B4900D89A88 /* Record.swift in Sources */,
				BDF3953E1ACDFE6A00835593 /* FirstViewController.swift in Sources */,
			);
			runOnlyForDeploymentPostprocessing = 0;
		};
		BDF395491ACDFE6A00835593 /* Sources */ = {
			isa = PBXSourcesBuildPhase;
			buildActionMask = 2147483647;
			files = (
				BDF395541ACDFE6A00835593 /* MobuteTests.swift in Sources */,
			);
			runOnlyForDeploymentPostprocessing = 0;
		};
/* End PBXSourcesBuildPhase section */

/* Begin PBXTargetDependency section */
		BDF3954F1ACDFE6A00835593 /* PBXTargetDependency */ = {
			isa = PBXTargetDependency;
			target = BDF395351ACDFE6A00835593 /* Mobute */;
			targetProxy = BDF3954E1ACDFE6A00835593 /* PBXContainerItemProxy */;
		};
/* End PBXTargetDependency section */

/* Begin PBXVariantGroup section */
		BDF395411ACDFE6A00835593 /* Main.storyboard */ = {
			isa = PBXVariantGroup;
			children = (
				BDF395421ACDFE6A00835593 /* Base */,
			);
			name = Main.storyboard;
			sourceTree = "<group>";
		};
		BDF395461ACDFE6A00835593 /* LaunchScreen.xib */ = {
			isa = PBXVariantGroup;
			children = (
				BDF395471ACDFE6A00835593 /* Base */,
			);
			name = LaunchScreen.xib;
			sourceTree = "<group>";
		};
/* End PBXVariantGroup section */

/* Begin XCBuildConfiguration section */
		BDF395551ACDFE6A00835593 /* Debug */ = {
			isa = XCBuildConfiguration;
			buildSettings = {
				ALWAYS_SEARCH_USER_PATHS = NO;
				CLANG_CXX_LANGUAGE_STANDARD = "gnu++0x";
				CLANG_CXX_LIBRARY = "libc++";
				CLANG_ENABLE_MODULES = YES;
				CLANG_ENABLE_OBJC_ARC = YES;
				CLANG_WARN_BOOL_CONVERSION = YES;
				CLANG_WARN_CONSTANT_CONVERSION = YES;
				CLANG_WARN_DIRECT_OBJC_ISA_USAGE = YES_ERROR;
				CLANG_WARN_EMPTY_BODY = YES;
				CLANG_WARN_ENUM_CONVERSION = YES;
				CLANG_WARN_INT_CONVERSION = YES;
				CLANG_WARN_OBJC_ROOT_CLASS = YES_ERROR;
				CLANG_WARN_UNREACHABLE_CODE = YES;
				CLANG_WARN__DUPLICATE_METHOD_MATCH = YES;
				"CODE_SIGN_IDENTITY[sdk=iphoneos*]" = "iPhone Developer";
				COPY_PHASE_STRIP = NO;
				ENABLE_STRICT_OBJC_MSGSEND = YES;
				GCC_C_LANGUAGE_STANDARD = gnu99;
				GCC_DYNAMIC_NO_PIC = NO;
				GCC_OPTIMIZATION_LEVEL = 0;
				GCC_PREPROCESSOR_DEFINITIONS = (
					"DEBUG=1",
					"$(inherited)",
				);
				GCC_SYMBOLS_PRIVATE_EXTERN = NO;
				GCC_WARN_64_TO_32_BIT_CONVERSION = YES;
				GCC_WARN_ABOUT_RETURN_TYPE = YES_ERROR;
				GCC_WARN_UNDECLARED_SELECTOR = YES;
				GCC_WARN_UNINITIALIZED_AUTOS = YES_AGGRESSIVE;
				GCC_WARN_UNUSED_FUNCTION = YES;
				GCC_WARN_UNUSED_VARIABLE = YES;
				IPHONEOS_DEPLOYMENT_TARGET = 8.2;
				MTL_ENABLE_DEBUG_INFO = YES;
				ONLY_ACTIVE_ARCH = YES;
				SDKROOT = iphoneos;
				SWIFT_OPTIMIZATION_LEVEL = "-Onone";
			};
			name = Debug;
		};
		BDF395561ACDFE6A00835593 /* Release */ = {
			isa = XCBuildConfiguration;
			buildSettings = {
				ALWAYS_SEARCH_USER_PATHS = NO;
				CLANG_CXX_LANGUAGE_STANDARD = "gnu++0x";
				CLANG_CXX_LIBRARY = "libc++";
				CLANG_ENABLE_MODULES = YES;
				CLANG_ENABLE_OBJC_ARC = YES;
				CLANG_WARN_BOOL_CONVERSION = YES;
				CLANG_WARN_CONSTANT_CONVERSION = YES;
				CLANG_WARN_DIRECT_OBJC_ISA_USAGE = YES_ERROR;
				CLANG_WARN_EMPTY_BODY = YES;
				CLANG_WARN_ENUM_CONVERSION = YES;
				CLANG_WARN_INT_CONVERSION = YES;
				CLANG_WARN_OBJC_ROOT_CLASS = YES_ERROR;
				CLANG_WARN_UNREACHABLE_CODE = YES;
				CLANG_WARN__DUPLICATE_METHOD_MATCH = YES;
				"CODE_SIGN_IDENTITY[sdk=iphoneos*]" = "iPhone Developer";
				COPY_PHASE_STRIP = NO;
				ENABLE_NS_ASSERTIONS = NO;
				ENABLE_STRICT_OBJC_MSGSEND = YES;
				GCC_C_LANGUAGE_STANDARD = gnu99;
				GCC_WARN_64_TO_32_BIT_CONVERSION = YES;
				GCC_WARN_ABOUT_RETURN_TYPE = YES_ERROR;
				GCC_WARN_UNDECLARED_SELECTOR = YES;
				GCC_WARN_UNINITIALIZED_AUTOS = YES_AGGRESSIVE;
				GCC_WARN_UNUSED_FUNCTION = YES;
				GCC_WARN_UNUSED_VARIABLE = YES;
				IPHONEOS_DEPLOYMENT_TARGET = 8.2;
				MTL_ENABLE_DEBUG_INFO = NO;
				SDKROOT = iphoneos;
				VALIDATE_PRODUCT = YES;
			};
			name = Release;
		};
		BDF395581ACDFE6A00835593 /* Debug */ = {
			isa = XCBuildConfiguration;
			buildSettings = {
				ASSETCATALOG_COMPILER_APPICON_NAME = AppIcon;
				INFOPLIST_FILE = Mobute/Info.plist;
				IPHONEOS_DEPLOYMENT_TARGET = 8.3;
				LD_RUNPATH_SEARCH_PATHS = "$(inherited) @executable_path/Frameworks";
				PRODUCT_NAME = "$(TARGET_NAME)";
			};
			name = Debug;
		};
		BDF395591ACDFE6A00835593 /* Release */ = {
			isa = XCBuildConfiguration;
			buildSettings = {
				ASSETCATALOG_COMPILER_APPICON_NAME = AppIcon;
				INFOPLIST_FILE = Mobute/Info.plist;
				IPHONEOS_DEPLOYMENT_TARGET = 8.3;
				LD_RUNPATH_SEARCH_PATHS = "$(inherited) @executable_path/Frameworks";
				PRODUCT_NAME = "$(TARGET_NAME)";
			};
			name = Release;
		};
		BDF3955B1ACDFE6A00835593 /* Debug */ = {
			isa = XCBuildConfiguration;
			buildSettings = {
				BUNDLE_LOADER = "$(TEST_HOST)";
				FRAMEWORK_SEARCH_PATHS = (
					"$(SDKROOT)/Developer/Library/Frameworks",
					"$(inherited)",
				);
				GCC_PREPROCESSOR_DEFINITIONS = (
					"DEBUG=1",
					"$(inherited)",
				);
				INFOPLIST_FILE = MobuteTests/Info.plist;
				LD_RUNPATH_SEARCH_PATHS = "$(inherited) @executable_path/Frameworks @loader_path/Frameworks";
				PRODUCT_NAME = "$(TARGET_NAME)";
				TEST_HOST = "$(BUILT_PRODUCTS_DIR)/Mobute.app/Mobute";
			};
			name = Debug;
		};
		BDF3955C1ACDFE6A00835593 /* Release */ = {
			isa = XCBuildConfiguration;
			buildSettings = {
				BUNDLE_LOADER = "$(TEST_HOST)";
				FRAMEWORK_SEARCH_PATHS = (
					"$(SDKROOT)/Developer/Library/Frameworks",
					"$(inherited)",
				);
				INFOPLIST_FILE = MobuteTests/Info.plist;
				LD_RUNPATH_SEARCH_PATHS = "$(inherited) @executable_path/Frameworks @loader_path/Frameworks";
				PRODUCT_NAME = "$(TARGET_NAME)";
				TEST_HOST = "$(BUILT_PRODUCTS_DIR)/Mobute.app/Mobute";
			};
			name = Release;
		};
/* End XCBuildConfiguration section */

/* Begin XCConfigurationList section */
		BDF395311ACDFE6A00835593 /* Build configuration list for PBXProject "Mobute" */ = {
			isa = XCConfigurationList;
			buildConfigurations = (
				BDF395551ACDFE6A00835593 /* Debug */,
				BDF395561ACDFE6A00835593 /* Release */,
			);
			defaultConfigurationIsVisible = 0;
			defaultConfigurationName = Release;
		};
		BDF395571ACDFE6A00835593 /* Build configuration list for PBXNativeTarget "Mobute" */ = {
			isa = XCConfigurationList;
			buildConfigurations = (
				BDF395581ACDFE6A00835593 /* Debug */,
				BDF395591ACDFE6A00835593 /* Release */,
			);
			defaultConfigurationIsVisible = 0;
			defaultConfigurationName = Release;
		};
		BDF3955A1ACDFE6A00835593 /* Build configuration list for PBXNativeTarget "MobuteTests" */ = {
			isa = XCConfigurationList;
			buildConfigurations = (
				BDF3955B1ACDFE6A00835593 /* Debug */,
				BDF3955C1ACDFE6A00835593 /* Release */,
			);
			defaultConfigurationIsVisible = 0;
			defaultConfigurationName = Release;
		};
/* End XCConfigurationList section */
	};
	rootObject = BDF3952E1ACDFE6A00835593 /* Project object */;
}
